
Microsoft Visual Studio Solution File, Format Version 12.00
# Visual Studio 2015
Project("{FAE04EC0-301F-11D3-BF4B-00C04F79EFBC}") = "NewCoins.CSharp", "NewCoins.CSharp.csproj", "{7DB6DB47-924C-78C8-6CA6-FD89D87F4869}"
EndProject
Project("{FAE04EC0-301F-11D3-BF4B-00C04F79EFBC}") = "NewCoins.CSharp.Editor", "NewCoins.CSharp.Editor.csproj", "{A4A12363-845A-E479-36D6-3A537BDD1BF0}"
EndProject
Global
	GlobalSection(SolutionConfigurationPlatforms) = preSolution
		Debug|Any CPU = Debug|Any CPU
		Release|Any CPU = Release|Any CPU
	EndGlobalSection
	GlobalSection(ProjectConfigurationPlatforms) = postSolution
		{7DB6DB47-924C-78C8-6CA6-FD89D87F4869}.Debug|Any CPU.ActiveCfg = Debug|Any CPU
		{7DB6DB47-924C-78C8-6CA6-FD89D87F4869}.Debug|Any CPU.Build.0 = Debug|Any CPU
		{7DB6DB47-924C-78C8-6CA6-FD89D87F4869}.Release|Any CPU.ActiveCfg = Release|Any CPU
		{7DB6DB47-924C-78C8-6CA6-FD89D87F4869}.Release|Any CPU.Build.0 = Release|Any CPU
		{A4A12363-845A-E479-36D6-3A537BDD1BF0}.Debug|Any CPU.ActiveCfg = Debug|Any CPU
		{A4A12363-845A-E479-36D6-3A537BDD1BF0}.Debug|Any CPU.Build.0 = Debug|Any CPU
		{A4A12363-845A-E479-36D6-3A537BDD1BF0}.Release|Any CPU.ActiveCfg = Release|Any CPU
		{A4A12363-845A-E479-36D6-3A537BDD1BF0}.Release|Any CPU.Build.0 = Release|Any CPU
	EndGlobalSection
	GlobalSection(SolutionProperties) = preSolution
		HideSolutionNode = FALSE
	EndGlobalSection
EndGlobal
